
Microsoft Visual Studio Solution File, Format Version 12.00
# Visual Studio Version 17
VisualStudioVersion = 17.2.32616.157
MinimumVisualStudioVersion = 10.0.40219.1
Project("{9A19103F-16F7-4668-BE54-9A1E7A4F7556}") = "MyASPProject", "MyASPProject\MyASPProject.csproj", "{0633114F-8B03-4563-A72F-390E84C87C6A}"
EndProject
Project("{FAE04EC0-301F-11D3-BF4B-00C04F79EFBC}") = "MyIdentityProvider", "MyIdentityProvider\MyIdentityProvider.csproj", "{1EDE7128-CEC2-4BFA-8032-7075BC20A2D8}"
EndProject
Global
	GlobalSection(SolutionConfigurationPlatforms) = preSolution
		Debug|Any CPU = Debug|Any CPU
		Release|Any CPU = Release|Any CPU
	EndGlobalSection
	GlobalSection(ProjectConfigurationPlatforms) = postSolution
		{0633114F-8B03-4563-A72F-390E84C87C6A}.Debug|Any CPU.ActiveCfg = Debug|Any CPU
		{0633114F-8B03-4563-A72F-390E84C87C6A}.Debug|Any CPU.Build.0 = Debug|Any CPU
		{0633114F-8B03-4563-A72F-390E84C87C6A}.Release|Any CPU.ActiveCfg = Release|Any CPU
		{0633114F-8B03-4563-A72F-390E84C87C6A}.Release|Any CPU.Build.0 = Release|Any CPU
		{1EDE7128-CEC2-4BFA-8032-7075BC20A2D8}.Debug|Any CPU.ActiveCfg = Debug|Any CPU
		{1EDE7128-CEC2-4BFA-8032-7075BC20A2D8}.Debug|Any CPU.Build.0 = Debug|Any CPU
		{1EDE7128-CEC2-4BFA-8032-7075BC20A2D8}.Release|Any CPU.ActiveCfg = Release|Any CPU
		{1EDE7128-CEC2-4BFA-8032-7075BC20A2D8}.Release|Any CPU.Build.0 = Release|Any CPU
	EndGlobalSection
	GlobalSection(SolutionProperties) = preSolution
		HideSolutionNode = FALSE
	EndGlobalSection
	GlobalSection(ExtensibilityGlobals) = postSolution
		SolutionGuid = {CD7C9E2F-E01B-4983-8369-FCB83CE5C8E8}
	EndGlobalSection
EndGlobal
